version = 1
revision = 3
requires-python = "==3.13.15"

[[package]]
name = "asgiref"
version = "3.12.1"
source = { registry = "https://pypi.org/simple" }
sdist = { url = "https://files.pythonhosted.org/packages/e6/26/3b59f2bdae5f640389becb1f673cded775287f5fc4f816309d9ca9a3f93d/asgiref-3.12.1.tar.gz", hash = "sha256:59dcb51c272ad209d59bed5708a64a333083e86017d7fcdd67498eeab7784340", size = 42378, upload-time = "2026-07-14T09:56:18.087Z" }
wheels = [
    { url = "https://files.pythonhosted.org/packages/c0/1b/54f4ad77cd8a584fa70746c47df988e002cf1ee1eba43364d46f87803647/asgiref-3.12.1-py3-none-any.whl", hash = "sha256:fe386d1c2bff7259ea95929266d12a8cf9a8b5a1c2598402967d8792e7a7c094", size = 25478, upload-time = "2026-07-14T09:56:16.926Z" },
]

[[package]]
name = "cffi"
version = "2.1.1"
source = { registry = "https://pypi.org/simple" }
dependencies = [
    { name = "pycparser", marker = "implementation_name != 'PyPy'" },
]
sdist = { url = "https://files.pythonhosted.org/packages/9e/ef/008a1939e372c06329a3fce4279c02f328488f3526744906eeec3da7ad5f/cffi-2.1.1.tar.gz", hash = "sha256:dd31f52ea1086513bb9df30f8fcee9b8918323ae067a3d5b78bc826a000712be", size = 530807, upload-time = "2026-08-03T21:21:18.939Z" }
wheels = [
    { url = "https://files.pythonhosted.org/packages/9d/f4/035513d4117049066b4779dc3b7c0c0fdad175fa13731c9f4003f1cd1478/cffi-2.1.1-cp313-cp313-ios_13_0_arm64_iphoneos.whl", hash = "sha256:b5bdfd1c873d4e093aabc0ca84c4ca6dbc4f752afb5c86f146d9742580c9da2e", size = 194248, upload-time = "2026-08-03T21:19:59.399Z" },
    { url = "https://files.pythonhosted.org/packages/76/af/2aeb4dbb5fc41a04161ae9ff1518de7cec08e164f44a8ce6a4cf7fd2cd1d/cffi-2.1.1-cp313-cp313-ios_13_0_arm64_iphonesimulator.whl", hash = "sha256:31348097ff5bbe827ccc41795d4dd099d9f0625e7def00ee653c137a490c2a6c", size = 196908, upload-time = "2026-08-03T21:20:00.746Z" },
    { url = "https://files.pythonhosted.org/packages/a7/46/2e5fdde8555706dd98139a910ca11be02809f3f605ce956f655d0214e100/cffi-2.1.1-cp313-cp313-macosx_10_15_x86_64.whl", hash = "sha256:9d2055050ea716bd38b7f7f1579c275386646b4894c155a3e2f3cd62ed41b7c6", size = 184805, upload-time = "2026-08-03T21:20:02.02Z" },
    { url = "https://files.pythonhosted.org/packages/55/41/4c7042f317b9217502988f0873af87e16ad606dc20f84e546e3e6ce9764c/cffi-2.1.1-cp313-cp313-macosx_11_0_arm64.whl", hash = "sha256:19ee6127ee34de7d83ce3d371ebc5ed91addbdcc39f9ab15ce4eb35a4e534971", size = 184764, upload-time = "2026-08-03T21:20:03.141Z" },
    { url = "https://files.pythonhosted.org/packages/43/1f/1c3d90d91811c8f86ced9ed637956c54bfe5b79ca98fe976d7f8c8979f6b/cffi-2.1.1-cp313-cp313-manylinux1_i686.manylinux2014_i686.manylinux_2_17_i686.manylinux_2_5_i686.whl", hash = "sha256:6a8dddef476fab96d066d578fc88526767b836ab5ab21754e1d5bf3879c31c7c", size = 214722, upload-time = "2026-08-03T21:20:04.377Z" },
    { url = "https://files.pythonhosted.org/packages/37/6f/3b5ce4c3b2192d250f04908f2bfd91ef34552ec8f7716a5d4abdb8d67bb2/cffi-2.1.1-cp313-cp313-manylinux2014_aarch64.manylinux_2_17_aarch64.whl", hash = "sha256:f16c709686a78c727bbbf059f92b0bf41c6fc60deec706d2dc19f529175a6125", size = 222369, upload-time = "2026-08-03T21:20:05.544Z" },
    { url = "https://files.pythonhosted.org/packages/02/10/4b3c75dde3d9663c9e02ba05c2668b954f671d4bbe346413ca8c696b295a/cffi-2.1.1-cp313-cp313-manylinux2014_ppc64le.manylinux_2_17_ppc64le.whl", hash = "sha256:fcd22650c908d7b7da162bbfaab594a1227a15d1643a98c68b122ac642fa2264", size = 210175, upload-time = "2026-08-03T21:20:06.75Z" },
    { url = "https://files.pythonhosted.org/packages/df/62/14f74b9543e605d17701dc797b815958b8bb70b7624ce1b832ddad48ed6c/cffi-2.1.1-cp313-cp313-manylinux2014_s390x.manylinux_2_17_s390x.whl", hash = "sha256:aa9511c62d14da7aacc9b4bf51f3f697a621e83b2d6919008243c3aad168eea3", size = 208670, upload-time = "2026-08-03T21:20:08.04Z" },
    { url = "https://files.pythonhosted.org/packages/95/95/86342356ff5953b3fb06f7ef7c5bee212d45e770abc7218d451b9148313c/cffi-2.1.1-cp313-cp313-manylinux2014_x86_64.manylinux_2_17_x86_64.whl", hash = "sha256:a931079504ecc49efed7744c476a5c343a92fabf66dec2db95edb1b2fdc770e2", size = 221824, upload-time = "2026-08-03T21:20:09.274Z" },
    { url = "https://files.pythonhosted.org/packages/eb/ff/7b3429ff53aafe931ed8a5fc69f481bbef7ba6de87ddcbb63d08f483f613/cffi-2.1.1-cp313-cp313-musllinux_1_2_aarch64.whl", hash = "sha256:a2d7755bef5a12ed488f4ef1f1b69ee9191d7396083b755a5d2295f6edb4768b", size = 225148, upload-time = "2026-08-03T21:20:10.7Z" },
    { url = "https://files.pythonhosted.org/packages/34/34/a95870b9221e09cf4f2ce3178b1a210abdfe63a1bd357da940418d7b8d15/cffi-2.1.1-cp313-cp313-musllinux_1_2_x86_64.whl", hash = "sha256:e0bcb7e0f677f543555d2adff3bf19c05f66cdb4796e5ff602442ab2fe3c4ef7", size = 223564, upload-time = "2026-08-03T21:20:12.165Z" },
    { url = "https://files.pythonhosted.org/packages/70/ea/839b50531021a647fb5e929f72cf97bc1ff702b5472166164b5b6e76b851/cffi-2.1.1-cp313-cp313-win32.whl", hash = "sha256:334644fbac4eff73d985a17a91226df55d0f394160c4cfb880e084c8f7161cac", size = 175263, upload-time = "2026-08-03T21:20:13.559Z" },
    { url = "https://files.pythonhosted.org/packages/60/a6/8b149b2c3f2e11aaa1618ef64500b45f50f22c57a977a4dff1aff1f91042/cffi-2.1.1-cp313-cp313-win_amd64.whl", hash = "sha256:1aa5645c30469b09530c4ebca77ebf8f17618293c58f8549cb1a543a50236e7d", size = 185688, upload-time = "2026-08-03T21:20:14.69Z" },
    { url = "https://files.pythonhosted.org/packages/01/9a/11f687cb39d6a3504060d5242f04f48c735afb4d3d533958a20594890cb2/cffi-2.1.1-cp313-cp313-win_arm64.whl", hash = "sha256:63bbfd5ded17c4840ac07cd8f1c21ba9d9708141f840b324f422f41b207e3973", size = 180078, upload-time = "2026-08-03T21:20:15.917Z" },
]

[[package]]
name = "click"
version = "8.5.0"
source = { registry = "https://pypi.org/simple" }
sdist = { url = "https://files.pythonhosted.org/packages/c7/0e/7fa0ef50764b67090eca4114772a2abf8b6148198475e54c660b97caeee6/click-8.5.0.tar.gz", hash = "sha256:ba0d2089de75ea0310e2dde03160e6ca10009947fb95a182f9b54021bb272e34", size = 382235, upload-time = "2026-08-26T13:33:14.56Z" }
wheels = [
    { url = "https://files.pythonhosted.org/packages/58/50/6c0d534c5f134586a8e1ba4e330569e32f057e33372ae556463212fb4cd3/click-8.5.0-py3-none-any.whl", hash = "sha256:255bc9599cf7748b4b1a446ccc735421bd08a2ae529a8b88597d3de5664ee360", size = 125251, upload-time = "2026-08-26T13:33:12.928Z" },
]

[[package]]
name = "cryptography"
version = "50.0.1"
source = { registry = "https://pypi.org/simple" }
dependencies = [
    { name = "cffi", marker = "platform_python_implementation != 'PyPy'" },
]
sdist = { url = "https://files.pythonhosted.org/packages/bb/ad/5d6702db60b1e40b41ef513b6967ff5848f307d50f8449baf1634f5908f1/cryptography-50.0.1.tar.gz", hash = "sha256:5dd9bda1c12b4162f6ff568eeb5e0ff956c28d14406e875cfe8a63a2d414ff20", size = 880381, upload-time = "2026-08-25T19:45:45.499Z" }
wheels = [
    { url = "https://files.pythonhosted.org/packages/ba/19/797e2aaac9df6a66f1550f49979dc1b1e39ecd2077501c30efa81e8d5d67/cryptography-50.0.1-cp311-abi3-macosx_11_0_arm64.whl", hash = "sha256:b8f852c65863251b9e3a1b8c150ce21e59b522dbb6a7d4bc80e680d38388e986", size = 4010153, upload-time = "2026-08-25T19:44:03.155Z" },
    { url = "https://files.pythonhosted.org/packages/90/34/9ce9a62ed9dc82ca9fd6a34445b6904af56e5f38b3eae2ed32e49c36053d/cryptography-50.0.1-cp311-abi3-manylinux2014_aarch64.manylinux_2_17_aarch64.whl", hash = "sha256:53e279950892dc102c6b4e52af03ae5ea92fac572a1ddab78ca73a997f62b69f", size = 4723133, upload-time = "2026-08-25T19:44:05.461Z" },
    { url = "https://files.pythonhosted.org/packages/57/26/e6d4fc8512a51a5f9ee7bfdbfb853bce1197087df40c9ad993ad370b846f/cryptography-50.0.1-cp311-abi3-manylinux2014_x86_64.manylinux_2_17_x86_64.whl", hash = "sha256:ff838d62ec1bfce4f9ba7fa16f4a7b554cd8d0c299e6be37502161a660c84eef", size = 4712478, upload-time = "2026-08-25T19:44:07.375Z" },
    { url = "https://files.pythonhosted.org/packages/e6/de/d3cdc2815697aae84126cbd6a030ca7b6b452e28a88b501b836bd3aa7a86/cryptography-50.0.1-cp311-abi3-manylinux_2_28_aarch64.whl", hash = "sha256:e74591e283fe6eb956416c929eb58262a719fe0311fd9054c62c3350ed8760d8", size = 4730726, upload-time = "2026-08-25T19:44:09.294Z" },
    { url = "https://files.pythonhosted.org/packages/55/32/38c0d344b98c06d34b5df8946565a9c0d6dbf32c8e0730a7f05f0a3c6cab/cryptography-50.0.1-cp311-abi3-manylinux_2_28_ppc64le.whl", hash = "sha256:5fe002589592ed749ce77fe0695fcbd3500dd61d7d6db5858a7544c612fa8e45", size = 5353524, upload-time = "2026-08-25T19:44:11.96Z" },
    { url = "https://files.pythonhosted.org/packages/e1/1b/82f0f0d8858d4432be1af790477edf62aef90324041aa07c57e57bef1af7/cryptography-50.0.1-cp311-abi3-manylinux_2_28_x86_64.whl", hash = "sha256:51593d180cf6d179bde5c5d065bed81386b1f381656ae7d042b7ffc87a9895ad", size = 4746720, upload-time = "2026-08-25T19:44:14.051Z" },
    { url = "https://files.pythonhosted.org/packages/29/ba/042ca458b8c64348c768284b5d23e69b92ed53d057ab779fee628564676d/cryptography-50.0.1-cp311-abi3-manylinux_2_31_armv7l.whl", hash = "sha256:359e62deae718bce96170e223fdcb6357e4fbd3bb7a3a75f4430763532560e49", size = 4361866, upload-time = "2026-08-25T19:44:16.167Z" },
    { url = "https://files.pythonhosted.org/packages/39/3b/e96c1ef71edef71057c7e3c3d982ce8fda554e0c52d0cc19c18845cde3eb/cryptography-50.0.1-cp311-abi3-manylinux_2_34_aarch64.whl", hash = "sha256:e2ca8fd1b6b4b82a1c4cb02841d0837e3c12336c2e24b520ab8ab3b969733d8f", size = 4730028, upload-time = "2026-08-25T19:44:18.085Z" },
    { url = "https://files.pythonhosted.org/packages/e3/38/45abd72ef63f2e7d0754a6cacf97bd8b69512ace7f6130d24c39ece65da2/cryptography-50.0.1-cp311-abi3-manylinux_2_34_ppc64le.whl", hash = "sha256:76de83fbd91ac49c0feaaa983d0748fd7a53176afac5fb3bf7478d244f0eb527", size = 5308405, upload-time = "2026-08-25T19:44:20.197Z" },
    { url = "https://files.pythonhosted.org/packages/85/66/6ccca4722987ddedaa7fc9c3f4708af7431f5535666c174350830888c6b7/cryptography-50.0.1-cp311-abi3-manylinux_2_34_x86_64.whl", hash = "sha256:51afcfceb15597cf2635068e4ac9a56b2abde622edde17f37d85fd7b5306497a", size = 4746230, upload-time = "2026-08-25T19:44:22.376Z" },
    { url = "https://files.pythonhosted.org/packages/13/0e/b1f92e013228111413f2e6743948b80bc24dfd3c1b87ba98ceea16f5df89/cryptography-50.0.1-cp311-abi3-musllinux_1_2_aarch64.whl", hash = "sha256:be224a65493ec5b74a158ff22a5522ce4a5ca1e543c647a3a4730d4a09e5f959", size = 4862596, upload-time = "2026-08-25T19:44:24.472Z" },
    { url = "https://files.pythonhosted.org/packages/7e/22/c3654cccc856e9d682817b04ac3ee79731cb09ca6f95996a95c904de2883/cryptography-50.0.1-cp311-abi3-musllinux_1_2_x86_64.whl", hash = "sha256:9ebcdd5519be9b652a46f507817a74591774fc3d6923ac364e4dfa64e36b291b", size = 5014082, upload-time = "2026-08-25T19:44:26.709Z" },
    { url = "https://files.pythonhosted.org/packages/42/8b/cb12b1b60c91b074ca6bf0fdd59aa8f10d8bc5f73af8faece86ef0421b37/cryptography-50.0.1-cp311-abi3-win_amd64.whl", hash = "sha256:aed8db4f6d71c51efb89530e12d9464e7bf2923d46c3205dc794a2a93f8c0648", size = 3842826, upload-time = "2026-08-25T19:44:28.784Z" },
    { url = "https://files.pythonhosted.org/packages/84/a9/ee16a903f13755e914d1eecc482fe64d1f10761c3960e5d8fa6837377aff/cryptography-50.0.1-cp39-abi3-macosx_11_0_arm64.whl", hash = "sha256:ca83d00d9e69cd5eb63f2e69c3a5a59e0cecae5ae14c6ae0b35830fe3b37bad0", size = 4035307, upload-time = "2026-08-25T19:44:58.305Z" },
    { url = "https://files.pythonhosted.org/packages/5e/a5/9ec7e81e8526c0d7a387d73386b2daed3f39e10d81a85930bd1b6bfba65c/cryptography-50.0.1-cp39-abi3-manylinux2014_aarch64.manylinux_2_17_aarch64.whl", hash = "sha256:05ba322c4da95b262a212c345af888ef2c37c88c0509756ea00a0e6d68850f23", size = 4751900, upload-time = "2026-08-25T19:45:00.401Z" },
    { url = "https://files.pythonhosted.org/packages/7e/3c/0e77bd5ffcf078e9dd27d3074aad6c030d9b10d0bf69329d573c927a188c/cryptography-50.0.1-cp39-abi3-manylinux2014_x86_64.manylinux_2_17_x86_64.whl", hash = "sha256:e22dfed744bd4002e909464cb23d2f0b05c6f3113a79ef2e9864a53db737c733", size = 4738357, upload-time = "2026-08-25T19:45:02.786Z" },
    { url = "https://files.pythonhosted.org/packages/27/3a/3c5f80daa4dcd47323c7af8a2fcb90de27a33564d4fcac69846c0972691a/cryptography-50.0.1-cp39-abi3-manylinux_2_28_aarch64.whl", hash = "sha256:4c4188f7c0cf655be5c06342b817ed0f9595b69ffa2b12026e5353eed29dea88", size = 4758474, upload-time = "2026-08-25T19:45:04.889Z" },
    { url = "https://files.pythonhosted.org/packages/6e/2b/214cf0cf93db9628c3c20c896b229f327f6fb1b20e4b3743d8ad3f00af8b/cryptography-50.0.1-cp39-abi3-manylinux_2_28_ppc64le.whl", hash = "sha256:2ebbfb0f1fed745e91796e3e1080a1440423fdae8ece1b995a1d80883a409054", size = 5375862, upload-time = "2026-08-25T19:45:07.163Z" },
    { url = "https://files.pythonhosted.org/packages/d6/51/3f9701867a46b6c1740c9b52fc4d3bed6cbdcfedcc9b6e64305c07f39cff/cryptography-50.0.1-cp39-abi3-manylinux_2_28_x86_64.whl", hash = "sha256:407fe2b6db00939c05c0e945e9914238f2f0a430974839429dafc82b1ee6bee5", size = 4772942, upload-time = "2026-08-25T19:45:09.396Z" },
    { url = "https://files.pythonhosted.org/packages/0d/5c/13ea642e08e2544d0f5396122055f4820cfacb3203562197b5967125ea97/cryptography-50.0.1-cp39-abi3-manylinux_2_31_armv7l.whl", hash = "sha256:2b34d76a652ea2b6faf777c35df230c5637842cd904e04f16230c3f9f03e4361", size = 4383347, upload-time = "2026-08-25T19:45:11.659Z" },
    { url = "https://files.pythonhosted.org/packages/84/d5/7d1fe1cb93f91c428093ff234e128c89ba8ea61a6f26aab406081f9b996e/cryptography-50.0.1-cp39-abi3-manylinux_2_34_aarch64.whl", hash = "sha256:01f41478cf33fc605a6a089cd56d28b45c6c0b45a1928b61797f2621a04bac71", size = 4758050, upload-time = "2026-08-25T19:45:13.745Z" },
    { url = "https://files.pythonhosted.org/packages/dd/04/557fc5ead96a829e0bc812a3b9dc4a52a2f27e4f7f5950da7ff27653a805/cryptography-50.0.1-cp39-abi3-manylinux_2_34_ppc64le.whl", hash = "sha256:fc3ed7ebd2a8c96f5b166de0ab9b624996bef3b07bbeb19364dfb78222c22c80", size = 5332955, upload-time = "2026-08-25T19:45:16.193Z" },
    { url = "https://files.pythonhosted.org/packages/8c/eb/5d7124083e8d8cda8f5b348f544b71ad6f707ad63193758ef4d8e569da02/cryptography-50.0.1-cp39-abi3-manylinux_2_34_x86_64.whl", hash = "sha256:9dde0a357190eb3b1da1bb9ab750e9c85cba82ca5977aa0836cbb94e92611239", size = 4772694, upload-time = "2026-08-25T19:45:18.315Z" },
    { url = "https://files.pythonhosted.org/packages/63/8e/f1f955e0921dd2b6d22eae7e8d24a4c4b638d10735ffbf6a71f99eb0fcb8/cryptography-50.0.1-cp39-abi3-musllinux_1_2_aarch64.whl", hash = "sha256:fd3718b960d0b5dd213cdf03f3bcb7000e69dda0de8b956061947ff6bcff5558", size = 4888413, upload-time = "2026-08-25T19:45:20.4Z" },
    { url = "https://files.pythonhosted.org/packages/1f/ab/89e2b798d2c3925f82e2bb72d5979f3d2f6da2dd22ef4a8cd8b70d920039/cryptography-50.0.1-cp39-abi3-musllinux_1_2_x86_64.whl", hash = "sha256:2a93d05e34d5f67fba6f891fe85d929999baa7195e853923ea6d7576c9e68c5e", size = 5044355, upload-time = "2026-08-25T19:45:22.353Z" },
    { url = "https://files.pythonhosted.org/packages/99/89/87ef49ffe383ef4e147d27b7bf2088fb0b54ea409dd87b5a89442e5828a5/cryptography-50.0.1-cp39-abi3-win_amd64.whl", hash = "sha256:55d16b1ef3ee0958d893a977b19777887e546c9954ea81b200c3301a864013f2", size = 3875429, upload-time = "2026-08-25T19:45:24.418Z" },
]

[[package]]
name = "django"
version = "5.2.17"
source = { registry = "https://pypi.org/simple" }
dependencies = [
    { name = "asgiref" },
    { name = "sqlparse" },
    { name = "tzdata", marker = "sys_platform == 'win32'" },
]
sdist = { url = "https://files.pythonhosted.org/packages/d5/d8/43e9d000519adceb189620b6869ff88031e046df91c2e9da72f8f6918399/django-5.2.17.tar.gz", hash = "sha256:9d4d93be539a18ab80d058eb515900e10951e04c537c5a6b394fc49528d3251f", size = 10889740, upload-time = "2026-08-04T15:04:03.173Z" }
wheels = [
    { url = "https://files.pythonhosted.org/packages/df/f8/ce120525ca78f12b07daf65786679c5d0b54a75285a8958d3ae55e39da35/django-5.2.17-py3-none-any.whl", hash = "sha256:f04fb3b36ee119e1af4fa1d397d5fd6cf12700f49321e84d4f4c642c5b1973db", size = 8315563, upload-time = "2026-08-04T15:03:59.1Z" },
]

[[package]]
name = "grimp"
version = "3.16"
source = { registry = "https://pypi.org/simple" }
sdist = { url = "https://files.pythonhosted.org/packages/d3/35/895a446f53c47702f2c5fc0b4374e18a0e997a49cbdad9a044c1cef0b357/grimp-3.16.tar.gz", hash = "sha256:1aba8e6946ec9b05b466bfc52ecdc73c364f425ec196b13e495316b915fcf10e", size = 831930, upload-time = "2026-08-28T11:41:00.963Z" }
wheels = [
    { url = "https://files.pythonhosted.org/packages/5b/e1/31e1a7e877d26f56226a30fd0118897f05e08d80dfef1306676c3bd9affa/grimp-3.16-cp313-cp313-macosx_10_12_x86_64.whl", hash = "sha256:11a9ffc6956804aab8414dca48501f417aa56caba00dd2b113277c19fac37c8e", size = 2129483, upload-time = "2026-08-28T11:40:03.545Z" },
    { url = "https://files.pythonhosted.org/packages/9a/29/fe226976e6424489716d6bd5956b59f78f20df9de1334fc02c90b8ac696e/grimp-3.16-cp313-cp313-macosx_11_0_arm64.whl", hash = "sha256:30ee913a725b2a1647edf63e8e91f6709c08119cd1be86602b09f1ec5e25af00", size = 2077894, upload-time = "2026-08-28T11:39:52.706Z" },
    { url = "https://files.pythonhosted.org/packages/a2/02/f3d891abf9b00977169b898c231c0d932bc620d04e175c2c643380e25edd/grimp-3.16-cp313-cp313-manylinux_2_17_aarch64.manylinux2014_aarch64.whl", hash = "sha256:946929a3f3c987783134d8ee6aee6553fcf35eb26a82def9ebe157df441ab6b5", size = 2259982, upload-time = "2026-08-28T11:38:32.887Z" },
    { url = "https://files.pythonhosted.org/packages/32/c5/de406be061e3ee50518f7b76e8f9d8a202d526a8ff25db3171dd99bebd81/grimp-3.16-cp313-cp313-manylinux_2_17_armv7l.manylinux2014_armv7l.whl", hash = "sha256:4c3092593356ece3ad61d81893651100e969628c2ff147b8ab634aecad837c2b", size = 2205705, upload-time = "2026-08-28T11:38:44.608Z" },
    { url = "https://files.pythonhosted.org/packages/01/aa/b8a228209c5a004a2759a9ac24867deced740f54b514b4f06154d6cfb129/grimp-3.16-cp313-cp313-manylinux_2_17_i686.manylinux2014_i686.whl", hash = "sha256:90f3d03e489a6947f3aa9bf98afa0be64c4c31e6551cfabba15fd82e2e93cf21", size = 2350031, upload-time = "2026-08-28T11:39:20.829Z" },
    { url = "https://files.pythonhosted.org/packages/8d/d5/8e9799786ddfd54765cdd9aad84649713c950edaa2cc1796dd78a44fe597/grimp-3.16-cp313-cp313-manylinux_2_17_ppc64le.manylinux2014_ppc64le.whl", hash = "sha256:2b4d408ebb89a4aff5e402b0b8919648fe39276fec7566a3da8365da3ceaf8e9", size = 2609098, upload-time = "2026-08-28T11:38:56.727Z" },
    { url = "https://files.pythonhosted.org/packages/f8/4b/64230082ac5b277166c9e63ece351dfd75de5b311b673b9daba280786f18/grimp-3.16-cp313-cp313-manylinux_2_17_s390x.manylinux2014_s390x.whl", hash = "sha256:45152f16a4eb455f732e95c7d75a5375487fb84b14049fb58358939155ad72c1", size = 2328797, upload-time = "2026-08-28T11:39:08.914Z" },
    { url = "https://files.pythonhosted.org/packages/2e/c5/90f3cff5d143045f19126b4b3640890ada6a8eff5e849d6d8a4e8ba80d05/grimp-3.16-cp313-cp313-manylinux_2_17_x86_64.manylinux2014_x86_64.whl", hash = "sha256:2dfd52e9fcf2edc1afb88a37e9130771dd3916713e2d2dba6b6ee791283cec9f", size = 2266501, upload-time = "2026-08-28T11:39:37.183Z" },
    { url = "https://files.pythonhosted.org/packages/e4/fa/52745d11cf555e8478d01e1c2b3abaed4b1aa88a9572659596b4da03d717/grimp-3.16-cp313-cp313-musllinux_1_2_aarch64.whl", hash = "sha256:520c7e09534fc168906944061ef6ce090f041dc1c728b88fd8d8d5d7feed43e3", size = 2436597, upload-time = "2026-08-28T11:40:15.464Z" },
    { url = "https://files.pythonhosted.org/packages/a7/f1/e4e349c783db592455743f978214637cbd00037a7ddba70f874cc6eda3f9/grimp-3.16-cp313-cp313-musllinux_1_2_armv7l.whl", hash = "sha256:9ad2ef95fce8a34aba2805d84d8d06ff81f6f3144ba72da0c6be7200a551e011", size = 2479940, upload-time = "2026-08-28T11:40:28.115Z" },
    { url = "https://files.pythonhosted.org/packages/51/ea/2356d89d270db649ab55ecd427e387add5cf32f0495ac2ae6d474c0486ed/grimp-3.16-cp313-cp313-musllinux_1_2_i686.whl", hash = "sha256:7b26bf8f3b5d59298c5d285aae609436a94a954b4d2bb576e3dc3813cf34f356", size = 2508682, upload-time = "2026-08-28T11:40:40.751Z" },
    { url = "https://files.pythonhosted.org/packages/37/2c/90a9a0909df2b3d7b1d3764050dcdf74a7f27ca35729b52509873d1ad156/grimp-3.16-cp313-cp313-musllinux_1_2_x86_64.whl", hash = "sha256:9e271e8b4d915334ab7645367cceea3025e994297aec9219651fbe189c89829e", size = 2521744, upload-time = "2026-08-28T11:40:54.06Z" },
    { url = "https://files.pythonhosted.org/packages/3f/e1/211fa3ceac04b4ab9fb4c1c880717e9cb12080c5d9d226d867cde43015d9/grimp-3.16-cp313-cp313-win32.whl", hash = "sha256:9c144b81cf1d1699ecf9192f7997f71301a0ce730030b1c30fec5673796a0ccc", size = 1856024, upload-time = "2026-08-28T11:41:36.328Z" },
    { url = "https://files.pythonhosted.org/packages/ac/66/66db0aa202e638fce7929a78db1ecae2e059f22effc1925239f8ebe1b870/grimp-3.16-cp313-cp313-win_amd64.whl", hash = "sha256:8ceb54d891f879b4e5aa55ba9c95d37ac2af5c9bee5fcc7a07a909d03f3d9ade", size = 1982718, upload-time = "2026-08-28T11:41:20.854Z" },
    { url = "https://files.pythonhosted.org/packages/34/e8/6a7e0d68b6b24b79ffd4f274dc2d66751c3cdb6cfefe180201119c173f17/grimp-3.16-cp313-cp313-win_arm64.whl", hash = "sha256:86124a3dafb3184f34389c650db3ff2a27238773da2fbc840f51290552d83ca3", size = 1906377, upload-time = "2026-08-28T11:41:06.15Z" },
]

[[package]]
name = "import-linter"
version = "2.14"
source = { registry = "https://pypi.org/simple" }
dependencies = [
    { name = "click" },
    { name = "grimp" },
    { name = "rich" },
    { name = "typing-extensions" },
]
sdist = { url = "https://files.pythonhosted.org/packages/54/ee/709dfd34cd2729b6d2dfa1381fd3c1370e0e3e5d4ce7d0643fd8c12652c1/import_linter-2.14.tar.gz", hash = "sha256:8e6304d9a9ddfbd39f6ac990710d95aaf9ac71eb1ba81ac8ce53e1ef2f9773d3", size = 1283529, upload-time = "2026-08-28T11:28:36.511Z" }
wheels = [
    { url = "https://files.pythonhosted.org/packages/7c/f1/a9ef72a7ad4a49e77e4df579dd23e2bbf84f1b7da9087a744b086657929e/import_linter-2.14-py3-none-any.whl", hash = "sha256:0039771a991f9a309055ac6fa18340b0024d0bb88722f9dd2834f0d930a2224c", size = 639603, upload-time = "2026-08-28T11:28:35.091Z" },
]

[[package]]
name = "markdown-it-py"
version = "4.2.0"
source = { registry = "https://pypi.org/simple" }
dependencies = [
    { name = "mdurl" },
]
sdist = { url = "https://files.pythonhosted.org/packages/06/ff/7841249c247aa650a76b9ee4bbaeae59370dc8bfd2f6c01f3630c35eb134/markdown_it_py-4.2.0.tar.gz", hash = "sha256:04a21681d6fbb623de53f6f364d352309d4094dd4194040a10fd51833e418d49", size = 82454, upload-time = "2026-05-07T12:08:28.36Z" }
wheels = [
    { url = "https://files.pythonhosted.org/packages/b3/81/4da04ced5a082363ecfa159c010d200ecbd959ae410c10c0264a38cac0f5/markdown_it_py-4.2.0-py3-none-any.whl", hash = "sha256:9f7ebbcd14fe59494226453aed97c1070d83f8d24b6fc3a3bcf9a38092641c4a", size = 91687, upload-time = "2026-05-07T12:08:27.182Z" },
]

[[package]]
name = "mdurl"
version = "0.1.2"
source = { registry = "https://pypi.org/simple" }
sdist = { url = "https://files.pythonhosted.org/packages/d6/54/cfe61301667036ec958cb99bd3efefba235e65cdeb9c84d24a8293ba1d90/mdurl-0.1.2.tar.gz", hash = "sha256:bb413d29f5eea38f31dd4754dd7377d4465116fb207585f97bf925588687c1ba", size = 8729, upload-time = "2022-08-14T12:40:10.846Z" }
wheels = [
    { url = "https://files.pythonhosted.org/packages/b3/38/89ba8ad64ae25be8de66a6d463314cf1eb366222074cfda9ee839c56a4b4/mdurl-0.1.2-py3-none-any.whl", hash = "sha256:84008a41e51615a49fc9966191ff91509e3c40b939176e643fd50a5c2196b8f8", size = 9979, upload-time = "2022-08-14T12:40:09.779Z" },
]

[[package]]
name = "open-marketplace"
version = "0.1.0"
source = { virtual = "." }
dependencies = [
    { name = "cryptography" },
    { name = "django" },
    { name = "psycopg", extra = ["binary"] },
    { name = "pyotp" },
]

[package.dev-dependencies]
dev = [
    { name = "import-linter" },
]

[package.metadata]
requires-dist = [
    { name = "cryptography", specifier = "==50.0.1" },
    { name = "django", specifier = "==5.2.17" },
    { name = "psycopg", extras = ["binary"], specifier = "==3.3.5" },
    { name = "pyotp", specifier = "==2.10.0" },
]

[package.metadata.requires-dev]
dev = [{ name = "import-linter", specifier = "==2.14" }]

[[package]]
name = "psycopg"
version = "3.3.5"
source = { registry = "https://pypi.org/simple" }
dependencies = [
    { name = "tzdata", marker = "sys_platform == 'win32'" },
]
sdist = { url = "https://files.pythonhosted.org/packages/72/73/8fb739d0f6bba247b9b93c9840c402a4f88545be5f1d4b02b23366371c00/psycopg-3.3.5.tar.gz", hash = "sha256:d0a3d9ccf5788af054cbd745278cb02401b5c312aeaafbf2c6144460aec47da4", size = 166508, upload-time = "2026-08-31T22:45:43.151Z" }
wheels = [
    { url = "https://files.pythonhosted.org/packages/3d/2e/d0a645bcaadde68bd6d93c43f02f14b0191bdda367ce3f7722abe3da744a/psycopg-3.3.5-py3-none-any.whl", hash = "sha256:ce5aa5cdb4f9379f00f487590e5890bfa7df9a164648c969ffa628505e21af4e", size = 213598, upload-time = "2026-08-31T22:39:02.184Z" },
]

[package.optional-dependencies]
binary = [
    { name = "psycopg-binary", marker = "implementation_name != 'pypy'" },
]

[[package]]
name = "psycopg-binary"
version = "3.3.5"
source = { registry = "https://pypi.org/simple" }
wheels = [
    { url = "https://files.pythonhosted.org/packages/e0/1c/e718752cc63cf4e99e4a10fd36e3a3364dabdd0819484a24c0d79fbb9685/psycopg_binary-3.3.5-cp313-cp313-macosx_10_13_x86_64.whl", hash = "sha256:6e85d50b87257fb117675a19ee59daa7bf9a57f6431500adf7059df799232ef4", size = 4704421, upload-time = "2026-08-31T22:42:59.564Z" },
    { url = "https://files.pythonhosted.org/packages/af/cf/a0e748e27c09b92738e4460582d121ba1908be3e36791e150f435e54b332/psycopg_binary-3.3.5-cp313-cp313-macosx_11_0_arm64.whl", hash = "sha256:e5becd311f9af8d180bad372f51fb2252fd02cb2073056e2b170c9274f95fe7f", size = 4765054, upload-time = "2026-08-31T22:43:05.421Z" },
    { url = "https://files.pythonhosted.org/packages/39/62/0cbac0266d56c94dd1f702d9af2b5d54bf80b6e658048f4f2c5bd63dd7e3/psycopg_binary-3.3.5-cp313-cp313-manylinux2014_ppc64le.manylinux_2_17_ppc64le.whl", hash = "sha256:19e5bf9872dbd164c220567fd385ba2309c7d9df1541f78343510c6b0f36a1b7", size = 5547137, upload-time = "2026-08-31T22:43:11.768Z" },
    { url = "https://files.pythonhosted.org/packages/fb/3a/73c6f8871f38fc07a9c0b4cbc9467beb116a2783cecf87dfa53900a396dc/psycopg_binary-3.3.5-cp313-cp313-manylinux2014_x86_64.manylinux_2_17_x86_64.whl", hash = "sha256:cb3b3bffebfe07110730626e76238161124f35ac87b748d663316a28d22f58b0", size = 5227577, upload-time = "2026-08-31T22:43:20.767Z" },
    { url = "https://files.pythonhosted.org/packages/59/7b/9f17b9f4d297b774dc574199c4dcd02dadc32a00c4056265918de5c70635/psycopg_binary-3.3.5-cp313-cp313-manylinux_2_27_aarch64.manylinux_2_28_aarch64.whl", hash = "sha256:2111f880add40fb03c60556069ad68e884a0908a74d2debafc603caf93b73552", size = 6824606, upload-time = "2026-08-31T22:43:33.698Z" },
    { url = "https://files.pythonhosted.org/packages/94/86/d84dadd94a004dbbb43ce0579f1f766fdc6b8cbef745090e24bea77b5283/psycopg_binary-3.3.5-cp313-cp313-manylinux_2_38_riscv64.manylinux_2_39_riscv64.whl", hash = "sha256:40505676b1526b9ea387dace034040a8c8b0bcf984cd6bd4720a2ab15e813586", size = 5060854, upload-time = "2026-08-31T22:43:42.258Z" },
    { url = "https://files.pythonhosted.org/packages/30/d0/e5078be2c7d2490c0d6cd4cb7b3601aec44be2fa8b3fe927e9419b06004f/psycopg_binary-3.3.5-cp313-cp313-musllinux_1_2_aarch64.whl", hash = "sha256:5816472e3bb05615f33a741e0835043d1f4bf9709ff30d2f4aed71815cfc6b5e", size = 4589511, upload-time = "2026-08-31T22:43:50.012Z" },
    { url = "https://files.pythonhosted.org/packages/f1/01/08dfb5b18fa482e025864fd91a022310d0782c42e4cf5dda5d0e010b6790/psycopg_binary-3.3.5-cp313-cp313-musllinux_1_2_ppc64le.whl", hash = "sha256:358748fc4c8ccdc0e2bdf55420494930e19c3ade586ea9c3a6de3dad1f897311", size = 4268144, upload-time = "2026-08-31T22:43:56.993Z" },
    { url = "https://files.pythonhosted.org/packages/88/b9/cb01dc1d63f3241b49b2ca7fb9f98d0f5c76127f0dbb9440635a6ad0233e/psycopg_binary-3.3.5-cp313-cp313-musllinux_1_2_riscv64.whl", hash = "sha256:1ef2e498be47800f6202b9a2304c22646325ca6d54001b7c785bcfdb24a1e8ab", size = 4001036, upload-time = "2026-08-31T22:44:04.429Z" },
    { url = "https://files.pythonhosted.org/packages/95/49/7c17dd832c05b380562ff2ff5f6ab2bcaeca8b7fff2c2b355854368a5bdb/psycopg_binary-3.3.5-cp313-cp313-musllinux_1_2_x86_64.whl", hash = "sha256:88e01aa2e938a45655a8a5213fc3a44ba78cb4cab8a569b3e0bcb3d1d0eaba16", size = 4313112, upload-time = "2026-08-31T22:44:12.446Z" },
    { url = "https://files.pythonhosted.org/packages/7c/2c/b0b2f887185d6a2ec0b3bef948cc07656d2d1a5d96fa7f2bb03f6ef06ca4/psycopg_binary-3.3.5-cp313-cp313-win_amd64.whl", hash = "sha256:ba466011569297114449df9d523438e1adeedf3e4f31ffb78e897ec3fef3076b", size = 3647313, upload-time = "2026-08-31T22:44:19.139Z" },
]

[[package]]
name = "pycparser"
version = "3.0"
source = { registry = "https://pypi.org/simple" }
sdist = { url = "https://files.pythonhosted.org/packages/1b/7d/92392ff7815c21062bea51aa7b87d45576f649f16458d78b7cf94b9ab2e6/pycparser-3.0.tar.gz", hash = "sha256:600f49d217304a5902ac3c37e1281c9fe94e4d0489de643a9504c5cdfdfc6b29", size = 103492, upload-time = "2026-01-21T14:26:51.89Z" }
wheels = [
    { url = "https://files.pythonhosted.org/packages/0c/c3/44f3fbbfa403ea2a7c779186dc20772604442dde72947e7d01069cbe98e3/pycparser-3.0-py3-none-any.whl", hash = "sha256:b727414169a36b7d524c1c3e31839a521725078d7b2ff038656844266160a992", size = 48172, upload-time = "2026-01-21T14:26:50.693Z" },
]

[[package]]
name = "pygments"
version = "2.21.0"
source = { registry = "https://pypi.org/simple" }
sdist = { url = "https://files.pythonhosted.org/packages/49/2e/ced460408999b33da6b31b0021b0f37d329e202d4169aeb164493778f25b/pygments-2.21.0.tar.gz", hash = "sha256:610ca751c9bc2492b38eb9a38a7fbc93edbbb2d7182edaf34e66ae493dee5c8c", size = 5005329, upload-time = "2026-08-17T08:02:48.824Z" }
wheels = [
    { url = "https://files.pythonhosted.org/packages/71/46/17f022dd3e953bf20a04a028a21ec746d942f8d2af30fa0f124fa0e6a684/pygments-2.21.0-py3-none-any.whl", hash = "sha256:2363c69b61c4a97c838da3b130dcd6468f4848992b21a82f2a63ec34377137d9", size = 1250147, upload-time = "2026-08-17T08:02:44.912Z" },
]

[[package]]
name = "pyotp"
version = "2.10.0"
source = { registry = "https://pypi.org/simple" }
sdist = { url = "https://files.pythonhosted.org/packages/2d/c6/c5d96a86fd0bf6fa1bbb5c5c341ff3208638b692727a683c8289068d9a11/pyotp-2.10.0.tar.gz", hash = "sha256:d01e9703443616b03c57c700b5cbffd56a1f929c1b0f8f03131bc78c1fca9d3f", size = 18625, upload-time = "2026-06-14T03:48:49.221Z" }
wheels = [
    { url = "https://files.pythonhosted.org/packages/65/33/7b83bde70eddaaaaef487751a9c3a5cc0c0be54620ded0e120ebdc401ff9/pyotp-2.10.0-py3-none-any.whl", hash = "sha256:1df2f6a1bcc3bb0716172a5215ddc2f8c7c7fd26a13df9927d52e1746934836c", size = 13768, upload-time = "2026-06-14T03:48:47.831Z" },
]

[[package]]
name = "rich"
version = "15.0.0"
source = { registry = "https://pypi.org/simple" }
dependencies = [
    { name = "markdown-it-py" },
    { name = "pygments" },
]
sdist = { url = "https://files.pythonhosted.org/packages/c0/8f/0722ca900cc807c13a6a0c696dacf35430f72e0ec571c4275d2371fca3e9/rich-15.0.0.tar.gz", hash = "sha256:edd07a4824c6b40189fb7ac9bc4c52536e9780fbbfbddf6f1e2502c31b068c36", size = 230680, upload-time = "2026-04-12T08:24:00.75Z" }
wheels = [
    { url = "https://files.pythonhosted.org/packages/82/3b/64d4899d73f91ba49a8c18a8ff3f0ea8f1c1d75481760df8c68ef5235bf5/rich-15.0.0-py3-none-any.whl", hash = "sha256:33bd4ef74232fb73fe9279a257718407f169c09b78a87ad3d296f548e27de0bb", size = 310654, upload-time = "2026-04-12T08:24:02.83Z" },
]

[[package]]
name = "sqlparse"
version = "0.6.0"
source = { registry = "https://pypi.org/simple" }
sdist = { url = "https://files.pythonhosted.org/packages/5f/d3/3f06a1006f2261d1342aefb3c71eed02f5d4ca5bdbecd86ebc12ad38306e/sqlparse-0.6.0.tar.gz", hash = "sha256:113c35c75365ab9cc9c7231d68c6428fb11c085fc8e9eb1ad659b7ddbf6cd2b9", size = 178477, upload-time = "2026-08-13T19:16:06.396Z" }
wheels = [
    { url = "https://files.pythonhosted.org/packages/d9/50/f00935da0ec7cbf325f8dc4f772ae46fbc7b672dd62876e73f0a94adda57/sqlparse-0.6.0-py3-none-any.whl", hash = "sha256:b861c0288ce2fa56209a9a6412d2e066ac664b3873b89c26c9d8415e8e32996f", size = 50070, upload-time = "2026-08-13T19:16:04.062Z" },
]

[[package]]
name = "typing-extensions"
version = "4.16.0"
source = { registry = "https://pypi.org/simple" }
sdist = { url = "https://files.pythonhosted.org/packages/f6/cc/6253133b5bb138fc3306cebfbda2c520f545d36b5be2c7255cc528bb45d6/typing_extensions-4.16.0.tar.gz", hash = "sha256:dc983d19a509c94dba722ee6abd33940f7c05a89e243c47e907eb4db6f1a43e5", size = 113555, upload-time = "2026-07-02T08:40:05.92Z" }
wheels = [
    { url = "https://files.pythonhosted.org/packages/49/d3/b8441a820a491ddfc024b0b0cf0393375b75ea13866d9c66727e54c2fc80/typing_extensions-4.16.0-py3-none-any.whl", hash = "sha256:481caa481374e813c1b176ada14e97f1f67a4539ce9cfeb3f350d78d6370c2e8", size = 45571, upload-time = "2026-07-02T08:40:04.659Z" },
]

[[package]]
name = "tzdata"
version = "2026.3"
source = { registry = "https://pypi.org/simple" }
sdist = { url = "https://files.pythonhosted.org/packages/92/ff/5a28bdfd8c3ebec42564ac7d0e54ca3db65044a9314a97f9564fa7a1e926/tzdata-2026.3.tar.gz", hash = "sha256:4a1518b8993086a7982523e071643f3c0e5f213e75b21318e78bcabfff9d1415", size = 198674, upload-time = "2026-07-10T08:50:37.887Z" }
wheels = [
    { url = "https://files.pythonhosted.org/packages/e5/6d/b53b99a9f2766d095985947a5782f1702cabb129a34f7a802d7197af832f/tzdata-2026.3-py2.py3-none-any.whl", hash = "sha256:dc096730c87af6cab1b171c9d532be840741ff5d459015e7f6947bd7d7e54931", size = 348168, upload-time = "2026-07-10T08:50:36.46Z" },
]
